
Microsoft Visual Studio Solution File, Format Version 12.00
# Visual Studio Version 17
VisualStudioVersion = 17.5.33627.172
MinimumVisualStudioVersion = 10.0.40219.1
Project("{FAE04EC0-301F-11D3-BF4B-00C04F79EFBC}") = "TeamManagementSystem", "TeamManagementSystem\TeamManagementSystem.csproj", "{E4D8851B-3972-414D-B597-279BAE117496}"
EndProject
Project("{FAE04EC0-301F-11D3-BF4B-00C04F79EFBC}") = "TeamManagement.Shared", "TeamManagement.Shared\TeamManagement.Shared.csproj", "{31F90CF2-59DA-4A21-B46B-9040EE8E7E4F}"
EndProject
Global
	GlobalSection(SolutionConfigurationPlatforms) = preSolution
		Debug|Any CPU = Debug|Any CPU
		Release|Any CPU = Release|Any CPU
	EndGlobalSection
	GlobalSection(ProjectConfigurationPlatforms) = postSolution
		{E4D8851B-3972-414D-B597-279BAE117496}.Debug|Any CPU.ActiveCfg = Debug|Any CPU
		{E4D8851B-3972-414D-B597-279BAE117496}.Debug|Any CPU.Build.0 = Debug|Any CPU
		{E4D8851B-3972-414D-B597-279BAE117496}.Release|Any CPU.ActiveCfg = Release|Any CPU
		{E4D8851B-3972-414D-B597-279BAE117496}.Release|Any CPU.Build.0 = Release|Any CPU
		{31F90CF2-59DA-4A21-B46B-9040EE8E7E4F}.Debug|Any CPU.ActiveCfg = Debug|Any CPU
		{31F90CF2-59DA-4A21-B46B-9040EE8E7E4F}.Debug|Any CPU.Build.0 = Debug|Any CPU
		{31F90CF2-59DA-4A21-B46B-9040EE8E7E4F}.Release|Any CPU.ActiveCfg = Release|Any CPU
		{31F90CF2-59DA-4A21-B46B-9040EE8E7E4F}.Release|Any CPU.Build.0 = Release|Any CPU
	EndGlobalSection
	GlobalSection(SolutionProperties) = preSolution
		HideSolutionNode = FALSE
	EndGlobalSection
	GlobalSection(ExtensibilityGlobals) = postSolution
		SolutionGuid = {6E4C4437-CD04-4C6A-B993-9FD09E1E8462}
	EndGlobalSection
EndGlobal
